
Microsoft Visual Studio Solution File, Format Version 12.00
# Visual Studio Version 17
VisualStudioVersion = 17.6.33829.357
MinimumVisualStudioVersion = 10.0.40219.1
Project("{FAE04EC0-301F-11D3-BF4B-00C04F79EFBC}") = "Test_CICD", "Test_CICD.csproj", "{360F2E60-7071-4105-94F2-4FDA6232D26C}"
EndProject
Global
	GlobalSection(SolutionConfigurationPlatforms) = preSolution
		Debug|Any CPU = Debug|Any CPU
		Release|Any CPU = Release|Any CPU
	EndGlobalSection
	GlobalSection(ProjectConfigurationPlatforms) = postSolution
		{360F2E60-7071-4105-94F2-4FDA6232D26C}.Debug|Any CPU.ActiveCfg = Debug|Any CPU
		{360F2E60-7071-4105-94F2-4FDA6232D26C}.Debug|Any CPU.Build.0 = Debug|Any CPU
		{360F2E60-7071-4105-94F2-4FDA6232D26C}.Release|Any CPU.ActiveCfg = Release|Any CPU
		{360F2E60-7071-4105-94F2-4FDA6232D26C}.Release|Any CPU.Build.0 = Release|Any CPU
	EndGlobalSection
	GlobalSection(SolutionProperties) = preSolution
		HideSolutionNode = FALSE
	EndGlobalSection
	GlobalSection(ExtensibilityGlobals) = postSolution
		SolutionGuid = {49BD33A3-E678-4EB6-B0FD-7355188CAF7F}
	EndGlobalSection
EndGlobal
